
Microsoft Visual Studio Solution File, Format Version 12.00
# Visual Studio 15
VisualStudioVersion = 15.0.26730.16
MinimumVisualStudioVersion = 10.0.40219.1
Project("{9A19103F-16F7-4668-BE54-9A1E7A4F7556}") = "GreatWeather", "GreatWeather\GreatWeather.csproj", "{7286437F-7717-45E9-BD5F-95EF26F5BFBF}"
EndProject
Project("{FAE04EC0-301F-11D3-BF4B-00C04F79EFBC}") = "GreatWeather.Tests", "GreatWeather.Tests\GreatWeather.Tests.csproj", "{EAD682D5-EA9D-4036-A687-13D64DD69383}"
EndProject
Global
	GlobalSection(SolutionConfigurationPlatforms) = preSolution
		Debug|Any CPU = Debug|Any CPU
		Release|Any CPU = Release|Any CPU
	EndGlobalSection
	GlobalSection(ProjectConfigurationPlatforms) = postSolution
		{7286437F-7717-45E9-BD5F-95EF26F5BFBF}.Debug|Any CPU.ActiveCfg = Debug|Any CPU
		{7286437F-7717-45E9-BD5F-95EF26F5BFBF}.Debug|Any CPU.Build.0 = Debug|Any CPU
		{7286437F-7717-45E9-BD5F-95EF26F5BFBF}.Release|Any CPU.ActiveCfg = Release|Any CPU
		{7286437F-7717-45E9-BD5F-95EF26F5BFBF}.Release|Any CPU.Build.0 = Release|Any CPU
		{EAD682D5-EA9D-4036-A687-13D64DD69383}.Debug|Any CPU.ActiveCfg = Debug|Any CPU
		{EAD682D5-EA9D-4036-A687-13D64DD69383}.Debug|Any CPU.Build.0 = Debug|Any CPU
		{EAD682D5-EA9D-4036-A687-13D64DD69383}.Release|Any CPU.ActiveCfg = Release|Any CPU
		{EAD682D5-EA9D-4036-A687-13D64DD69383}.Release|Any CPU.Build.0 = Release|Any CPU
	EndGlobalSection
	GlobalSection(SolutionProperties) = preSolution
		HideSolutionNode = FALSE
	EndGlobalSection
	GlobalSection(ExtensibilityGlobals) = postSolution
		SolutionGuid = {952A0AD3-EFB7-411C-8CEB-36CBF773A198}
	EndGlobalSection
EndGlobal
